
Microsoft Visual Studio Solution File, Format Version 12.00
# Visual Studio Version 16
VisualStudioVersion = 16.0.30711.63
MinimumVisualStudioVersion = 10.0.40219.1
Project("{FAE04EC0-301F-11D3-BF4B-00C04F79EFBC}") = "MvvmAsyncCommands", "MvvmAsyncCommands\MvvmAsyncCommands.csproj", "{538DBAA2-24B9-436E-AFFF-2A1D7AA37033}"
EndProject
Global
	GlobalSection(SolutionConfigurationPlatforms) = preSolution
		Debug|Any CPU = Debug|Any CPU
		Release|Any CPU = Release|Any CPU
	EndGlobalSection
	GlobalSection(ProjectConfigurationPlatforms) = postSolution
		{538DBAA2-24B9-436E-AFFF-2A1D7AA37033}.Debug|Any CPU.ActiveCfg = Debug|Any CPU
		{538DBAA2-24B9-436E-AFFF-2A1D7AA37033}.Debug|Any CPU.Build.0 = Debug|Any CPU
		{538DBAA2-24B9-436E-AFFF-2A1D7AA37033}.Release|Any CPU.ActiveCfg = Release|Any CPU
		{538DBAA2-24B9-436E-AFFF-2A1D7AA37033}.Release|Any CPU.Build.0 = Release|Any CPU
	EndGlobalSection
	GlobalSection(SolutionProperties) = preSolution
		HideSolutionNode = FALSE
	EndGlobalSection
	GlobalSection(ExtensibilityGlobals) = postSolution
		SolutionGuid = {91638356-80CF-423F-ABB0-441E33F37532}
	EndGlobalSection
EndGlobal
